{
  "version": "4",
  "specifiers": {
    "jsr:@oak/commons@1": "1.0.0",
    "jsr:@std/assert@1": "1.0.7",
    "jsr:@std/bytes@1": "1.0.3",
    "jsr:@std/bytes@^1.0.2": "1.0.3",
    "jsr:@std/crypto@1": "1.0.3",
    "jsr:@std/encoding@1": "1.0.5",
    "jsr:@std/encoding@^1.0.5": "1.0.5",
    "jsr:@std/http@1": "1.0.9",
    "jsr:@std/io@0.224": "0.224.9",
    "jsr:@std/media-types@1": "1.0.3",
    "jsr:@std/path@1": "1.0.8",
    "npm:path-to-regexp@6.2.1": "6.2.1"
  },
  "jsr": {
    "@oak/commons@1.0.0": {
      "integrity": "49805b55603c3627a9d6235c0655aa2b6222d3036b3a13ff0380c16368f607ac",
      "dependencies": [
        "jsr:@std/assert",
        "jsr:@std/bytes@1",
        "jsr:@std/crypto",
        "jsr:@std/encoding@1",
        "jsr:@std/http",
        "jsr:@std/media-types"
      ]
    },
    "@std/assert@1.0.7": {
      "integrity": "64ce9fac879e0b9f3042a89b3c3f8ccfc9c984391af19e2087513a79d73e28c3"
    },
    "@std/bytes@1.0.3": {
      "integrity": "e5d5b9e685966314e4edb4be60dfc4bd7624a075bfd4ec8109252b4320f76452"
    },
    "@std/crypto@1.0.3": {
      "integrity": "a2a32f51ddef632d299e3879cd027c630dcd4d1d9a5285d6e6788072f4e51e7f"
    },
    "@std/encoding@1.0.5": {
      "integrity": "ecf363d4fc25bd85bd915ff6733a7e79b67e0e7806334af15f4645c569fefc04"
    },
    "@std/http@1.0.9": {
      "integrity": "d409fc319a5e8d4a154e576c758752e9700282d74f31357a12fec6420f9ecb6c",
      "dependencies": [
        "jsr:@std/encoding@^1.0.5"
      ]
    },
    "@std/io@0.224.9": {
      "integrity": "4414664b6926f665102e73c969cfda06d2c4c59bd5d0c603fd4f1b1c840d6ee3",
      "dependencies": [
        "jsr:@std/bytes@^1.0.2"
      ]
    },
    "@std/media-types@1.0.3": {
      "integrity": "b12d30a7852f7578f4d210622df713bbfd1cbdd9b4ec2eaf5c1845ab70bab159"
    },
    "@std/path@1.0.8": {
      "integrity": "548fa456bb6a04d3c1a1e7477986b6cffbce95102d0bb447c67c4ee70e0364be"
    }
  },
  "npm": {
    "path-to-regexp@6.2.1": {
      "integrity": "sha512-JLyh7xT1kizaEvcaXOQwOc2/Yhw6KZOvPf1S8401UyLk86CU79LN3vl7ztXGm/pZ+YjoyAJ4rxmHwbkBXJX+yw=="
    }
  },
  "redirects": {
    "https://deno.land/x/cors/mod.ts": "https://deno.land/x/cors@v1.2.2/mod.ts",
    "https://deno.land/x/oak/mod.ts": "https://deno.land/x/oak@v17.1.3/mod.ts"
  },
  "remote": {
    "https://cdn.skypack.dev/-/@ethersproject/abi@v5.6.3-wilGMLRdbUV2UKPyrB8q/dist=es2019,mode=imports/optimized/@ethersproject/abi.js": "2fb2509cdf420f0969e800902b1a2b9e72428861a57c42f52ba750d6d3e08295",
    "https://cdn.skypack.dev/-/@ethersproject/abstract-provider@v5.6.1-bSkWGTTHBHJgWZaNrdUa/dist=es2019,mode=imports/optimized/@ethersproject/abstract-provider.js": "477d7964097ceb265e51a93ac6529bf5211fae92ac7c41af21c07549ad680d6b",
    "https://cdn.skypack.dev/-/@ethersproject/abstract-signer@v5.6.2-OCiifDF2sIT7J4kptVsS/dist=es2019,mode=imports/optimized/@ethersproject/abstract-signer.js": "bf6bf5324b2a6a51d964dabbf60215950846d81839e545494502f0c379dd9f1a",
    "https://cdn.skypack.dev/-/@ethersproject/address@v5.6.1-U0WzxXtFESBeVpOJoLmI/dist=es2019,mode=imports/optimized/@ethersproject/address.js": "0549716bbb405b78da8ac149132a7876aac3e0004647268021606545df5c847b",
    "https://cdn.skypack.dev/-/@ethersproject/base64@v5.6.1-tXUK2a5eF0mgkqYYl0xI/dist=es2019,mode=imports/optimized/@ethersproject/base64.js": "e157a4f047e7ca9bd3e016f7c94fcbac50a18d4f8f4db0af9002147ec714b93d",
    "https://cdn.skypack.dev/-/@ethersproject/basex@v5.6.1-q4g98lIZwU2jUNQkMw0f/dist=es2019,mode=imports/optimized/@ethersproject/basex.js": "51637482754f35115e61196528f8b2097ff2d7a007f0d92f39ec8deda61e8d0f",
    "https://cdn.skypack.dev/-/@ethersproject/bignumber@v5.6.2-0Xh896zEnBEEQJnoTCKw/dist=es2019,mode=imports/optimized/@ethersproject/bignumber.js": "7a3f828c039e91f4263318c867fa9ac33ab6087950876bad200523794e9f2cdb",
    "https://cdn.skypack.dev/-/@ethersproject/bytes@v5.6.1-hOtaq2ZQ9ZNdDstIW5zz/dist=es2019,mode=imports/optimized/@ethersproject/bytes.js": "6fa7cba8b8027b861906b6064e6119ff8600151f46089857c4def2bce854ff9a",
    "https://cdn.skypack.dev/-/@ethersproject/constants@v5.6.1-L0ZOiSh22gqorZO8SBCM/dist=es2019,mode=imports/optimized/@ethersproject/constants.js": "9720d3e7039d22861b03d5847aa1b1caed25cc34cce7a33bad5b07b9cc6629a4",
    "https://cdn.skypack.dev/-/@ethersproject/contracts@v5.6.2-Q6dLd74mV0gjbeGyxMhN/dist=es2019,mode=imports/optimized/@ethersproject/contracts.js": "00bf48475a72fe94f26b1b53566b9eae1cca8a011918fdfce51aee7bcbd77109",
    "https://cdn.skypack.dev/-/@ethersproject/hash@v5.6.1-jZviPsVuNh9O5bgruJ3R/dist=es2019,mode=imports/optimized/@ethersproject/hash.js": "1380f6f1e3379105c7ec807b8f0ef033f364c3cb5d7e5b54975dd140aa9ca171",
    "https://cdn.skypack.dev/-/@ethersproject/hdnode@v5.6.2-o8UbD7X9alY330l9M8y5/dist=es2019,mode=imports/optimized/@ethersproject/hdnode.js": "9e9d39ade03d81bc217fe19eb2ec0f104d7d3b8222c43840f9bec69ffd318bb7",
    "https://cdn.skypack.dev/-/@ethersproject/json-wallets@v5.6.1-26QQYIfrAVdTyX4ekRZA/dist=es2019,mode=imports/optimized/@ethersproject/json-wallets.js": "e1ac4ed228641e67f76cd7b8aaaa58597b367c5a61a711a1560bd801b6f5f8f9",
    "https://cdn.skypack.dev/-/@ethersproject/keccak256@v5.6.1-WAYi11hgq0PKH0yPmXC9/dist=es2019,mode=imports/optimized/@ethersproject/keccak256.js": "1ab9429a0d8da71ed1b55eda6e4fd22b06980774fe1b7685e2e7379bb8428c89",
    "https://cdn.skypack.dev/-/@ethersproject/logger@v5.6.0-sV1IhwbKBRUviels0nS9/dist=es2019,mode=imports/optimized/@ethersproject/logger.js": "03ab2f232e9b934dab558f4862f66e56eb22ffac1a3c493da30399f8d4696595",
    "https://cdn.skypack.dev/-/@ethersproject/networks@v5.6.3-RWKmuJYdbFSELJ6Rg8Mw/dist=es2019,mode=imports/optimized/@ethersproject/networks.js": "69639ae21333575f21ad0a3e7e14f781cb71f2477605bb0f5c945a379c37d25c",
    "https://cdn.skypack.dev/-/@ethersproject/pbkdf2@v5.6.1-GGRRTRrYagssmZ0tPrDR/dist=es2019,mode=imports/optimized/@ethersproject/pbkdf2.js": "1ef57f42f0afcf811bafb06db4cf9cfa9ff5aad56246394ddf38794818e3ec16",
    "https://cdn.skypack.dev/-/@ethersproject/properties@v5.6.0-0IDA2QFgG8Yt5ntJRM7z/dist=es2019,mode=imports/optimized/@ethersproject/properties.js": "e365c067bd73975a5696ea69e2b6b91c86d255a5bac82c9a1f599ed23d82fbba",
    "https://cdn.skypack.dev/-/@ethersproject/providers@v5.6.8-W5AETFp1QMf4jeEE2BSH/dist=es2019,mode=imports/optimized/@ethersproject/providers.js": "544a5cbd007847c017217f39685d6c74c2c9e39ca8e7cdf3f13999a16c983934",
    "https://cdn.skypack.dev/-/@ethersproject/random@v5.6.1-k8CesFUa147ccuvLyIO8/dist=es2019,mode=imports/optimized/@ethersproject/random.js": "82027cb916161114381fd40a392ebc071ae1fc43eae511cd426b0aac3c8b4b75",
    "https://cdn.skypack.dev/-/@ethersproject/rlp@v5.6.1-1WBxcJziiUnCuexvl7hW/dist=es2019,mode=imports/optimized/@ethersproject/rlp.js": "13a2760ac9d530b38ba74cd88062ed194071c2695c62948ed86dcb1ceb67a73a",
    "https://cdn.skypack.dev/-/@ethersproject/sha2@v5.6.1-tDb6r9M0IUw6CzxVAj4F/dist=es2019,mode=imports/optimized/@ethersproject/sha2.js": "2ef24413cfce98591ca383e1eca3bd8ac992fb8a9dab1e3fb9de26326b13fa42",
    "https://cdn.skypack.dev/-/@ethersproject/signing-key@v5.6.2-S3GrcvZv92oKMVmjknHI/dist=es2019,mode=imports/optimized/@ethersproject/signing-key.js": "0fb317b5d946499db667eb5005730c5e922fc72bf71f33a0b4e81a109f2e5d0b",
    "https://cdn.skypack.dev/-/@ethersproject/solidity@v5.6.1-fAQ7F3sIRCa7Ee7dv503/dist=es2019,mode=imports/optimized/@ethersproject/solidity.js": "a1f658728a5a86501cae530e3e9509e01da5fd90e17eaa9b935c7d17c41558ca",
    "https://cdn.skypack.dev/-/@ethersproject/strings@v5.6.1-sBesDiEaVdxY6rkwEHk1/dist=es2019,mode=imports/optimized/@ethersproject/strings.js": "15caaf619bc32bb6e357772687ed7232fd2a920085661d5cc825796d1a902231",
    "https://cdn.skypack.dev/-/@ethersproject/transactions@v5.6.2-9o3cl3T9xTpEjFX00vDl/dist=es2019,mode=imports/optimized/@ethersproject/transactions.js": "6de3cebbf727060c4170de66d5b0a4806af10d182000a6e23b58b7bd2a0a8564",
    "https://cdn.skypack.dev/-/@ethersproject/units@v5.6.1-DTma7YL6uxpuc2dqw2Wg/dist=es2019,mode=imports/optimized/@ethersproject/units.js": "1e2eb82d5a7fb845a025b8dc1b710c8beb67a914ebcbb67f9ed114a3ef8d3422",
    "https://cdn.skypack.dev/-/@ethersproject/wallet@v5.6.2-hbht5UfbVmWkq5PkNraB/dist=es2019,mode=imports/optimized/@ethersproject/wallet.js": "f874828e2f86379bccf05deb2219e96185f8bada27416f66a0e108362ac3e786",
    "https://cdn.skypack.dev/-/@ethersproject/web@v5.6.1-OVidcrJpszkd7P9STPaQ/dist=es2019,mode=imports/optimized/@ethersproject/web.js": "cb4a4027726e91ecf0f4c185a0659620e9136748fec690a1ab4bd4238c743f0f",
    "https://cdn.skypack.dev/-/@ethersproject/wordlists@v5.6.1-H1jWjkHmHYrdVK5UnafO/dist=es2019,mode=imports/optimized/@ethersproject/wordlists.js": "d3ab109703f7683a55b7e8b4586d34054750543bcba44a19bb61bb6641da8d3c",
    "https://cdn.skypack.dev/-/aes-js@v3.0.0-CwpFycLiPx6LKd7rO2KH/dist=es2019,mode=imports/optimized/aes-js.js": "416abe2daf0fd8138a6f3b8009ae4341982ea2edfe3085c8ab59ea9e0f910484",
    "https://cdn.skypack.dev/-/bech32@v1.1.4-rteIMGXlAaeNKpjxmjm8/dist=es2019,mode=imports/optimized/bech32.js": "7a3a146d31253c9ed064a51d9f70270c94b50ac3975c7fa6aca88ed5aac519c7",
    "https://cdn.skypack.dev/-/bn.js@v5.2.1-eEbVMmDiTD9y2Qvu4Z50/dist=es2019,mode=imports/optimized/bnjs.js": "5f901ebd734b7d6b68d4fa8c63e77d010fee04f998f17ef12b6c6a5e2d716843",
    "https://cdn.skypack.dev/-/ethers@v5.6.8-bKxckRcNaAAD5PfOInnD/dist=es2019,mode=imports/optimized/ethers.js": "05214becffc1fc042ddbb8dc1266501041012f92e801b30cd74d345e1583e5df",
    "https://cdn.skypack.dev/-/hash.js@v1.1.7-VoMLPpb2ceIc1uUFq329/dist=es2019,mode=imports/optimized/hashjs.js": "e5f22cc87ee052685f0b076ec1456d05ffea3bf79f9d5efdfb46fe93b4b58d9d",
    "https://cdn.skypack.dev/-/inherits@v2.0.4-KMaJYACWZTuZGLpDmPB5/dist=es2019,mode=imports/optimized/inherits.js": "7dcafb2d3af9496f5ac53efdcfdb0badd089b592c117476dd5989065f4c33a49",
    "https://cdn.skypack.dev/-/js-sha3@v0.8.0-ud9GGuNSDwGmNyhgrkZs/dist=es2019,mode=imports/optimized/js-sha3.js": "e2ce607ac76f499b82a4579f192011dca285f15707b1b76619a4de7920a7f3d3",
    "https://cdn.skypack.dev/-/minimalistic-assert@v1.0.1-ChM2zHLByx49tkaQrKST/dist=es2019,mode=imports/optimized/minimalistic-assert.js": "423d6bb8e007c2313d0c7c500b18c370c6085a27b5b922c63bdb2cb6558f97c5",
    "https://cdn.skypack.dev/-/scrypt-js@v3.0.1-i7o5WRRoCSQdh1RlLmux/dist=es2019,mode=imports/optimized/scrypt-js.js": "54d259c1b23814442a252fa58eda7c35ef025ba3033b82be3e234471604c17a1",
    "https://cdn.skypack.dev/ethers@5.6.8": "eaa3f726080c54b0e1759b1a9deabdf504b8a6456204cc83636b1e54047db120",
    "https://deno.land/std@0.150.0/media_types/_util.ts": "ce9b4fc4ba1c447dafab619055e20fd88236ca6bdd7834a21f98bd193c3fbfa1",
    "https://deno.land/std@0.150.0/media_types/mod.ts": "2d4b6f32a087029272dc59e0a55ae3cc4d1b27b794ccf528e94b1925795b3118",
    "https://deno.land/std@0.150.0/media_types/vendor/mime-db.v1.52.0.ts": "724cee25fa40f1a52d3937d6b4fbbfdd7791ff55e1b7ac08d9319d5632c7f5af",
    "https://deno.land/x/cors@v1.2.2/abcCors.ts": "cdf83a7eaa69a1bf3ab910d18b9422217902fac47601adcaf0afac5a61845d48",
    "https://deno.land/x/cors@v1.2.2/attainCors.ts": "7d6aba0f942495cc31119604e0895c9bb8edd8f8baa7fe78e6c655bd0b4cbf59",
    "https://deno.land/x/cors@v1.2.2/cors.ts": "0e2d9167e3685f9bcf48f565e312b6e1883fa458f7337e5ce7bc2e3b29767980",
    "https://deno.land/x/cors@v1.2.2/mithCors.ts": "3a359d6e716e0410ede278ab54d875b293a2d66d838aaa7cfbf9ddc1e9e990d3",
    "https://deno.land/x/cors@v1.2.2/mod.ts": "2b351913f56d77ad80cb3b8633d4539c9eeddb426dae79437ada0e6a9cb4f1a6",
    "https://deno.land/x/cors@v1.2.2/oakCors.ts": "1348dc7673c61b85d2e80559a7b44f8e0246eaa6bcc6ec744fafe5d9b13b5c71",
    "https://deno.land/x/cors@v1.2.2/opineCors.ts": "fb5790115c26b7061d84b8d6c17d258a1e241bcab75b0bc3ca1fdb2e57bc5072",
    "https://deno.land/x/cors@v1.2.2/types.ts": "97546633ccc7f0df7a29bacba5d91dc6f61decdd1b65258300244dba905d34b8",
    "https://deno.land/x/oak@v17.1.3/application.ts": "2bcc73b3f22a193554c9958f7080ea635db25594d25ff7944021fca5bf74adba",
    "https://deno.land/x/oak@v17.1.3/body.ts": "0eb7ab9df44d1b79933463d596b5e1a4f0991c94cff591861e58a413bda3f3db",
    "https://deno.land/x/oak@v17.1.3/context.ts": "345cfdaa5a2310558ee0863f2fba5f9ba648188412b16ce342c33266c085f5d3",
    "https://deno.land/x/oak@v17.1.3/deps.ts": "b778c76e91d6d2afe6124981212b6dc3d0b195739ea01857a45396dc78812b59",
    "https://deno.land/x/oak@v17.1.3/http_server_bun.ts": "cb3a66c735cd0533c4c3776b37ae627ab42344c82f91dff63e3030d9656fd3a0",
    "https://deno.land/x/oak@v17.1.3/http_server_native.ts": "3bea00ebb9638203d2449fbf9a14a6b87f119bd45012f13282ececdf7b4c4242",
    "https://deno.land/x/oak@v17.1.3/http_server_native_request.ts": "a4da6f4939736e6323720db2d4b0d19ff2e83f02e52ab1eea9ae80f2c047fa56",
    "https://deno.land/x/oak@v17.1.3/http_server_node.ts": "9bb5291c15305b297fd634aa4c6b1d5054368f4b7a171d7c7c302c73eb2489ed",
    "https://deno.land/x/oak@v17.1.3/middleware.ts": "4170180fe5009d2581a0bdc995e5953b90ccb5b1c3767f3eae8a4fe238b8bd81",
    "https://deno.land/x/oak@v17.1.3/middleware/etag.ts": "eb3cb3a8862ca1990ce80b7d1c3f142c866b22d34c2f785a0e8b46bc34b91f7d",
    "https://deno.land/x/oak@v17.1.3/middleware/proxy.ts": "104890bd3990fa68618c36141d56aff5f95a51deac57ce8b8b0c7a14a8fd2ea4",
    "https://deno.land/x/oak@v17.1.3/middleware/serve.ts": "efceebd70afb73bcabe0a6a8981f3d8474a2f2f30e85b46761aee49e81bd9d6a",
    "https://deno.land/x/oak@v17.1.3/mod.ts": "38e53e01e609583e843f3e2b2677de9872d23d68939ce0de85b402e7a8db01a7",
    "https://deno.land/x/oak@v17.1.3/node_shims.ts": "4db1569b2b79b73f37c4d947f4aaa50a93e266d48fe67601c8a31af17a28884d",
    "https://deno.land/x/oak@v17.1.3/request.ts": "1e7f2c338cd6889b616bbdc9e2062eac27acbffde05c685adfb1c60ecc80682a",
    "https://deno.land/x/oak@v17.1.3/response.ts": "75724db76f2dd782827f2dcaa00e4e1732709399bad2458c787fed2c95c4f8be",
    "https://deno.land/x/oak@v17.1.3/router.ts": "d625307016e5db92a9ff187d9917093cb441a8c442c0d78d8dbdbd9575816b72",
    "https://deno.land/x/oak@v17.1.3/send.ts": "28132e2ebeb0c8d4ab41624ae8f1a7adf652cfddd91e77911274cbc413499fe8",
    "https://deno.land/x/oak@v17.1.3/testing.ts": "cbefaf9d21452e829999eda9b99b920df7fde3f702528a484a4433ffed20a9cf",
    "https://deno.land/x/oak@v17.1.3/types.ts": "cd4ccd3e182d0cba2117cd27f560267970470ab9c0ff6556cadd73f605193be7",
    "https://deno.land/x/oak@v17.1.3/utils/clone_state.ts": "cf8989ddd56816b36ada253ae0acdbd46cdf3d68dbe674d2b66c46640fab3500",
    "https://deno.land/x/oak@v17.1.3/utils/consts.ts": "137c4f73479f5e98a13153b9305f06f0d85df3cf2aacad2c9f82d4c1f3a2f105",
    "https://deno.land/x/oak@v17.1.3/utils/create_promise_with_resolvers.ts": "de99e9a998162b929a011f8873eaf0895cf4742492b3ce6f6866d39217342523",
    "https://deno.land/x/oak@v17.1.3/utils/decode.ts": "2fd843f1217872318c339006dad266d62cdb99bff84bb6adef8a4b86269f51ce",
    "https://deno.land/x/oak@v17.1.3/utils/decode_component.ts": "d3e2c40ecdd2fdb79761c6e9ae224cf01a4643f7c5f4c1e0b69698d43025261b",
    "https://deno.land/x/oak@v17.1.3/utils/encode_url.ts": "c0ed6b318eb9523adeebba32eb9acd059c0f94d3511b2b9e3b024722d1b3dfb8",
    "https://deno.land/x/oak@v17.1.3/utils/resolve_path.ts": "aa39d54a003b38fee55f340a0cba3f93a7af85b8ddd5fbfb049a98fc0109b36d",
    "https://deno.land/x/oak@v17.1.3/utils/streams.ts": "3da73b94681f8d27a82cc67df3f91090ec0bd6c3e9ab957af588d41ab585d923",
    "https://deno.land/x/oak@v17.1.3/utils/type_guards.ts": "a8dbb5ab7424f0355b121537d2454f927e0ca9949262fb67ac4fbefbd5880313",
    "https://deno.land/x/xhr@0.3.0/mod.ts": "094aacd627fd9635cd942053bf8032b5223b909858fa9dc8ffa583752ff63b20",
    "https://esm.sh/@supabase/supabase-js@2.5.0": "a8a1d76331badfec0f88dc468f652ecdb1bf3ef2b3545b53ed64aed4525cc920",
    "https://esm.sh/v135/@supabase/functions-js@2.1.5/denonext/functions-js.mjs": "739affd2df20c1affd91991c3731c2537d270b82be5cdbd926c43be40eb2fdc5",
    "https://esm.sh/v135/@supabase/functions-js@2.4.3/denonext/functions-js.mjs": "98b9108627bcbb255f1e1d2f8fdc321ca2596a476b76cb8f9109862f1b50ca8c",
    "https://esm.sh/v135/@supabase/gotrue-js@2.57.0/denonext/gotrue-js.mjs": "a4e6768643628fc5445683f4f58090ea5b65c51c3abb165dc0a385cf8eae2121",
    "https://esm.sh/v135/@supabase/gotrue-js@2.66.0/denonext/gotrue-js.mjs": "61bcbb2eaff9d3fb957fe6b113a16479ac5205e348d04f3c2efd8ff096fd63ca",
    "https://esm.sh/v135/@supabase/node-fetch@2.6.14/denonext/node-fetch.mjs": "23a71af3512da67a8757ab1e2356fa22565758444ea1fc08e0de0e8d4625e8aa",
    "https://esm.sh/v135/@supabase/node-fetch@2.6.15/denonext/node-fetch.mjs": "efad00ea3d4cbe1bee688836ef75339d49a1981bc5728a13e9ad5f26791d5efb",
    "https://esm.sh/v135/@supabase/postgrest-js@1.17.6/denonext/postgrest-js.mjs": "c5f25f5d5b1955cc5f27ac76f7102a3465c3615bacafa9279fc5623b7d51c5ae",
    "https://esm.sh/v135/@supabase/postgrest-js@1.9.0/denonext/postgrest-js.mjs": "e6239e65dca3c73527af617ee406934dc509a33e4082a9da9c3aa6c430519cdf",
    "https://esm.sh/v135/@supabase/realtime-js@2.10.7/denonext/realtime-js.mjs": "83480b9b485872eebdbd5cfaf36b87fc943021ccb15f72b55e3548c9c72d9a0e",
    "https://esm.sh/v135/@supabase/realtime-js@2.8.4/denonext/realtime-js.mjs": "9f8af6f82b095b1b1d336a92c4ff8519a5b7f783a1e09eab005114b983cafd5d",
    "https://esm.sh/v135/@supabase/storage-js@2.5.4/denonext/storage-js.mjs": "dff68679fb795ec7e157b8f51cb0b8c544d6c3d57ecc093f5b15eb909439efcd",
    "https://esm.sh/v135/@supabase/storage-js@2.7.1/denonext/storage-js.mjs": "5ddd96a2213608015badb0778b4a446f641c843e017264978ab1e10f83b3cb21",
    "https://esm.sh/v135/@supabase/supabase-js@2.5.0/denonext/supabase-js.mjs": "b18b353e706df1f7ad60d4e208be523df061f595cca764a17c548b48aabe3f5b",
    "https://esm.sh/v135/bufferutil@4.0.8/denonext/bufferutil.mjs": "60a4618cbd1a5cb24935c55590b793d4ecb33862357d32e1d4614a0bbb90947f",
    "https://esm.sh/v135/cross-fetch@3.1.8/denonext/cross-fetch.mjs": "8fba9e7c3fbaf0d2168beb63ce0cd21b5bfbfbd77e2fcbf8d957d533a71222f6",
    "https://esm.sh/v135/es5-ext@0.10.62/denonext/global.js": "2f51d9acef1f761faaa542da919b3c747744ea29fe709d0a904fd531716a93d6",
    "https://esm.sh/v135/node-gyp-build@4.6.1/denonext/node-gyp-build.mjs": "5d28b312f145a6cb2ec0dbdd80a7d34c0e0e6b5dcada65411d8bcff6c8991cc6",
    "https://esm.sh/v135/node-gyp-build@4.8.1/denonext/node-gyp-build.mjs": "cddfc39c5f2d6e228fb1cd8cc36a594d870470b01348f866a7fb4e6f3ed8c66d",
    "https://esm.sh/v135/utf-8-validate@6.0.4/denonext/utf-8-validate.mjs": "ab4990b545a45f10f7711c69046ee3e9c5b732b9781937f922cefd3fc99d0e88",
    "https://esm.sh/v135/websocket@1.0.34/denonext/websocket.mjs": "dfe5d62007e9f7430d561e2376fe47caa9d04cb016d83d3386fcc2206a90296b",
    "https://esm.sh/v135/ws@8.18.0/denonext/ws.mjs": "b4c6f51c7c4d60d2a880889c9b07e00aa367adf20a8304a365cc5e09051a5004"
  },
  "workspace": {
    "dependencies": [
      "jsr:@deno/gfm@0.9"
    ]
  }
}
